// !$*UTF8*$!
{
	archiveVersion = 1;
	classes = {
	};
	objectVersion = 50;
	objects = {

/* Begin PBXBuildFile section */
		965404F72621CABF0036BBA7 /* TestFunction.mm in Sources */ = {isa = PBXBuildFile; fileRef = 965404E52621CABE0036BBA7 /* TestFunction.mm */; };
		965404F82621CABF0036BBA7 /* TestVarVar.mm in Sources */ = {isa = PBXBuildFile; fileRef = 965404E62621CABE0036BBA7 /* TestVarVar.mm */; };
		965404FB2621CABF0036BBA7 /* TestAttribute.m in Sources */ = {isa = PBXBuildFile; fileRef = 965404EB2621CABE0036BBA7 /* TestAttribute.m */; };
		965404FC2621CABF0036BBA7 /* TestMacro.mm in Sources */ = {isa = PBXBuildFile; fileRef = 965404EE2621CABF0036BBA7 /* TestMacro.mm */; };
		965404FD2621CABF0036BBA7 /* TestCBlock.mm in Sources */ = {isa = PBXBuildFile; fileRef = 965404F02621CABF0036BBA7 /* TestCBlock.mm */; };
		965404FE2621CABF0036BBA7 /* TestStaticClassMemberMutex.cpp in Sources */ = {isa = PBXBuildFile; fileRef = 965404F12621CABF0036BBA7 /* TestStaticClassMemberMutex.cpp */; };
		965404FF2621CABF0036BBA7 /* TextVarVarC.c in Sources */ = {isa = PBXBuildFile; fileRef = 965404F42621CABF0036BBA7 /* TextVarVarC.c */; };
		969F9BE4261FDAAD00821D59 /* main.mm in Sources */ = {isa = PBXBuildFile; fileRef = 969F9BE3261FDAAD00821D59 /* main.mm */; };
/* End PBXBuildFile section */

/* Begin PBXCopyFilesBuildPhase section */
		969F9BDE261FDAAD00821D59 /* CopyFiles */ = {
			isa = PBXCopyFilesBuildPhase;
			buildActionMask = 2147483647;
			dstPath = /usr/share/man/man1/;
			dstSubfolderSpec = 0;
			files = (
			);
			runOnlyForDeploymentPostprocessing = 1;
		};
/* End PBXCopyFilesBuildPhase section */

/* Begin PBXFileReference section */
		965404E42621CABE0036BBA7 /* TestAttribute.h */ = {isa = PBXFileReference; fileEncoding = 4; lastKnownFileType = sourcecode.c.h; path = TestAttribute.h; sourceTree = "<group>"; };
		965404E52621CABE0036BBA7 /* TestFunction.mm */ = {isa = PBXFileReference; fileEncoding = 4; lastKnownFileType = sourcecode.cpp.objcpp; path = TestFunction.mm; sourceTree = "<group>"; };
		965404E62621CABE0036BBA7 /* TestVarVar.mm */ = {isa = PBXFileReference; fileEncoding = 4; lastKnownFileType = sourcecode.cpp.objcpp; path = TestVarVar.mm; sourceTree = "<group>"; };
		965404EA2621CABE0036BBA7 /* TestCBlock.h */ = {isa = PBXFileReference; fileEncoding = 4; lastKnownFileType = sourcecode.c.h; path = TestCBlock.h; sourceTree = "<group>"; };
		965404EB2621CABE0036BBA7 /* TestAttribute.m */ = {isa = PBXFileReference; fileEncoding = 4; lastKnownFileType = sourcecode.c.objc; path = TestAttribute.m; sourceTree = "<group>"; };
		965404EC2621CABF0036BBA7 /* TestFunction.h */ = {isa = PBXFileReference; fileEncoding = 4; lastKnownFileType = sourcecode.c.h; path = TestFunction.h; sourceTree = "<group>"; };
		965404ED2621CABF0036BBA7 /* TestMacro.h */ = {isa = PBXFileReference; fileEncoding = 4; lastKnownFileType = sourcecode.c.h; path = TestMacro.h; sourceTree = "<group>"; };
		965404EE2621CABF0036BBA7 /* TestMacro.mm */ = {isa = PBXFileReference; fileEncoding = 4; lastKnownFileType = sourcecode.cpp.objcpp; path = TestMacro.mm; sourceTree = "<group>"; };
		965404F02621CABF0036BBA7 /* TestCBlock.mm */ = {isa = PBXFileReference; fileEncoding = 4; lastKnownFileType = sourcecode.cpp.objcpp; path = TestCBlock.mm; sourceTree = "<group>"; };
		965404F12621CABF0036BBA7 /* TestStaticClassMemberMutex.cpp */ = {isa = PBXFileReference; fileEncoding = 4; lastKnownFileType = sourcecode.cpp.cpp; path = TestStaticClassMemberMutex.cpp; sourceTree = "<group>"; };
		965404F32621CABF0036BBA7 /* TestVarVar.h */ = {isa = PBXFileReference; fileEncoding = 4; lastKnownFileType = sourcecode.c.h; path = TestVarVar.h; sourceTree = "<group>"; };
		965404F42621CABF0036BBA7 /* TextVarVarC.c */ = {isa = PBXFileReference; fileEncoding = 4; lastKnownFileType = sourcecode.c.c; path = TextVarVarC.c; sourceTree = "<group>"; };
		965404F62621CABF0036BBA7 /* TestStaticClassMemberMutex.hpp */ = {isa = PBXFileReference; fileEncoding = 4; lastKnownFileType = sourcecode.cpp.h; path = TestStaticClassMemberMutex.hpp; sourceTree = "<group>"; };
		969F9BE0261FDAAD00821D59 /* HookModInitDemo */ = {isa = PBXFileReference; explicitFileType = "compiled.mach-o.executable"; includeInIndex = 0; path = HookModInitDemo; sourceTree = BUILT_PRODUCTS_DIR; };
		969F9BE3261FDAAD00821D59 /* main.mm */ = {isa = PBXFileReference; lastKnownFileType = sourcecode.cpp.objcpp; path = main.mm; sourceTree = "<group>"; };
/* End PBXFileReference section */

/* Begin PBXFrameworksBuildPhase section */
		969F9BDD261FDAAD00821D59 /* Frameworks */ = {
			isa = PBXFrameworksBuildPhase;
			buildActionMask = 2147483647;
			files = (
			);
			runOnlyForDeploymentPostprocessing = 0;
		};
/* End PBXFrameworksBuildPhase section */

/* Begin PBXGroup section */
		969F9BD7261FDAAD00821D59 = {
			isa = PBXGroup;
			children = (
				969F9BE2261FDAAD00821D59 /* HookModInitDemo */,
				969F9BE1261FDAAD00821D59 /* Products */,
			);
			sourceTree = "<group>";
		};
		969F9BE1261FDAAD00821D59 /* Products */ = {
			isa = PBXGroup;
			children = (
				969F9BE0261FDAAD00821D59 /* HookModInitDemo */,
			);
			name = Products;
			sourceTree = "<group>";
		};
		969F9BE2261FDAAD00821D59 /* HookModInitDemo */ = {
			isa = PBXGroup;
			children = (
				969F9BE3261FDAAD00821D59 /* main.mm */,
				965404E42621CABE0036BBA7 /* TestAttribute.h */,
				965404EB2621CABE0036BBA7 /* TestAttribute.m */,
				965404EA2621CABE0036BBA7 /* TestCBlock.h */,
				965404F02621CABF0036BBA7 /* TestCBlock.mm */,
				965404EC2621CABF0036BBA7 /* TestFunction.h */,
				965404E52621CABE0036BBA7 /* TestFunction.mm */,
				965404ED2621CABF0036BBA7 /* TestMacro.h */,
				965404EE2621CABF0036BBA7 /* TestMacro.mm */,
				965404F12621CABF0036BBA7 /* TestStaticClassMemberMutex.cpp */,
				965404F62621CABF0036BBA7 /* TestStaticClassMemberMutex.hpp */,
				965404F32621CABF0036BBA7 /* TestVarVar.h */,
				965404E62621CABE0036BBA7 /* TestVarVar.mm */,
				965404F42621CABF0036BBA7 /* TextVarVarC.c */,
			);
			path = HookModInitDemo;
			sourceTree = "<group>";
		};
/* End PBXGroup section */

/* Begin PBXNativeTarget section */
		969F9BDF261FDAAD00821D59 /* HookModInitDemo */ = {
			isa = PBXNativeTarget;
			buildConfigurationList = 969F9BE7261FDAAD00821D59 /* Build configuration list for PBXNativeTarget "HookModInitDemo" */;
			buildPhases = (
				969F9BDC261FDAAD00821D59 /* Sources */,
				969F9BDD261FDAAD00821D59 /* Frameworks */,
				969F9BDE261FDAAD00821D59 /* CopyFiles */,
			);
			buildRules = (
			);
			dependencies = (
			);
			name = HookModInitDemo;
			productName = HookModInitDemo;
			productReference = 969F9BE0261FDAAD00821D59 /* HookModInitDemo */;
			productType = "com.apple.product-type.tool";
		};
/* End PBXNativeTarget section */

/* Begin PBXProject section */
		969F9BD8261FDAAD00821D59 /* Project object */ = {
			isa = PBXProject;
			attributes = {
				LastUpgradeCheck = 1240;
				TargetAttributes = {
					969F9BDF261FDAAD00821D59 = {
						CreatedOnToolsVersion = 12.4;
					};
				};
			};
			buildConfigurationList = 969F9BDB261FDAAD00821D59 /* Build configuration list for PBXProject "HookModInitDemo" */;
			compatibilityVersion = "Xcode 9.3";
			developmentRegion = en;
			hasScannedForEncodings = 0;
			knownRegions = (
				en,
				Base,
			);
			mainGroup = 969F9BD7261FDAAD00821D59;
			productRefGroup = 969F9BE1261FDAAD00821D59 /* Products */;
			projectDirPath = "";
			projectRoot = "";
			targets = (
				969F9BDF261FDAAD00821D59 /* HookModInitDemo */,
			);
		};
/* End PBXProject section */

/* Begin PBXSourcesBuildPhase section */
		969F9BDC261FDAAD00821D59 /* Sources */ = {
			isa = PBXSourcesBuildPhase;
			buildActionMask = 2147483647;
			files = (
				965404FB2621CABF0036BBA7 /* TestAttribute.m in Sources */,
				969F9BE4261FDAAD00821D59 /* main.mm in Sources */,
				965404FF2621CABF0036BBA7 /* TextVarVarC.c in Sources */,
				965404FD2621CABF0036BBA7 /* TestCBlock.mm in Sources */,
				965404F72621CABF0036BBA7 /* TestFunction.mm in Sources */,
				965404FE2621CABF0036BBA7 /* TestStaticClassMemberMutex.cpp in Sources */,
				965404FC2621CABF0036BBA7 /* TestMacro.mm in Sources */,
				965404F82621CABF0036BBA7 /* TestVarVar.mm in Sources */,
			);
			runOnlyForDeploymentPostprocessing = 0;
		};
/* End PBXSourcesBuildPhase section */

/* Begin XCBuildConfiguration section */
		969F9BE5261FDAAD00821D59 /* Debug */ = {
			isa = XCBuildConfiguration;
			buildSettings = {
				ALWAYS_SEARCH_USER_PATHS = NO;
				CLANG_ANALYZER_NONNULL = YES;
				CLANG_ANALYZER_NUMBER_OBJECT_CONVERSION = YES_AGGRESSIVE;
				CLANG_CXX_LANGUAGE_STANDARD = "gnu++14";
				CLANG_CXX_LIBRARY = "libc++";
				CLANG_ENABLE_MODULES = YES;
				CLANG_ENABLE_OBJC_ARC = YES;
				CLANG_ENABLE_OBJC_WEAK = YES;
				CLANG_WARN_BLOCK_CAPTURE_AUTORELEASING = YES;
				CLANG_WARN_BOOL_CONVERSION = YES;
				CLANG_WARN_COMMA = YES;
				CLANG_WARN_CONSTANT_CONVERSION = YES;
				CLANG_WARN_DEPRECATED_OBJC_IMPLEMENTATIONS = YES;
				CLANG_WARN_DIRECT_OBJC_ISA_USAGE = YES_ERROR;
				CLANG_WARN_DOCUMENTATION_COMMENTS = YES;
				CLANG_WARN_EMPTY_BODY = YES;
				CLANG_WARN_ENUM_CONVERSION = YES;
				CLANG_WARN_INFINITE_RECURSION = YES;
				CLANG_WARN_INT_CONVERSION = YES;
				CLANG_WARN_NON_LITERAL_NULL_CONVERSION = YES;
				CLANG_WARN_OBJC_IMPLICIT_RETAIN_SELF = YES;
				CLANG_WARN_OBJC_LITERAL_CONVERSION = YES;
				CLANG_WARN_OBJC_ROOT_CLASS = YES_ERROR;
				CLANG_WARN_QUOTED_INCLUDE_IN_FRAMEWORK_HEADER = YES;
				CLANG_WARN_RANGE_LOOP_ANALYSIS = YES;
				CLANG_WARN_STRICT_PROTOTYPES = YES;
				CLANG_WARN_SUSPICIOUS_MOVE = YES;
				CLANG_WARN_UNGUARDED_AVAILABILITY = YES_AGGRESSIVE;
				CLANG_WARN_UNREACHABLE_CODE = YES;
				CLANG_WARN__DUPLICATE_METHOD_MATCH = YES;
				COPY_PHASE_STRIP = NO;
				DEBUG_INFORMATION_FORMAT = dwarf;
				ENABLE_STRICT_OBJC_MSGSEND = YES;
				ENABLE_TESTABILITY = YES;
				GCC_C_LANGUAGE_STANDARD = gnu11;
				GCC_DYNAMIC_NO_PIC = NO;
				GCC_NO_COMMON_BLOCKS = YES;
				GCC_OPTIMIZATION_LEVEL = 0;
				GCC_PREPROCESSOR_DEFINITIONS = (
					"DEBUG=1",
					"$(inherited)",
				);
				GCC_WARN_64_TO_32_BIT_CONVERSION = YES;
				GCC_WARN_ABOUT_RETURN_TYPE = YES_ERROR;
				GCC_WARN_UNDECLARED_SELECTOR = YES;
				GCC_WARN_UNINITIALIZED_AUTOS = YES_AGGRESSIVE;
				GCC_WARN_UNUSED_FUNCTION = YES;
				GCC_WARN_UNUSED_VARIABLE = YES;
				MACOSX_DEPLOYMENT_TARGET = 11.1;
				MTL_ENABLE_DEBUG_INFO = INCLUDE_SOURCE;
				MTL_FAST_MATH = YES;
				ONLY_ACTIVE_ARCH = YES;
				SDKROOT = macosx;
			};
			name = Debug;
		};
		969F9BE6261FDAAD00821D59 /* Release */ = {
			isa = XCBuildConfiguration;
			buildSettings = {
				ALWAYS_SEARCH_USER_PATHS = NO;
				CLANG_ANALYZER_NONNULL = YES;
				CLANG_ANALYZER_NUMBER_OBJECT_CONVERSION = YES_AGGRESSIVE;
				CLANG_CXX_LANGUAGE_STANDARD = "gnu++14";
				CLANG_CXX_LIBRARY = "libc++";
				CLANG_ENABLE_MODULES = YES;
				CLANG_ENABLE_OBJC_ARC = YES;
				CLANG_ENABLE_OBJC_WEAK = YES;
				CLANG_WARN_BLOCK_CAPTURE_AUTORELEASING = YES;
				CLANG_WARN_BOOL_CONVERSION = YES;
				CLANG_WARN_COMMA = YES;
				CLANG_WARN_CONSTANT_CONVERSION = YES;
				CLANG_WARN_DEPRECATED_OBJC_IMPLEMENTATIONS = YES;
				CLANG_WARN_DIRECT_OBJC_ISA_USAGE = YES_ERROR;
				CLANG_WARN_DOCUMENTATION_COMMENTS = YES;
				CLANG_WARN_EMPTY_BODY = YES;
				CLANG_WARN_ENUM_CONVERSION = YES;
				CLANG_WARN_INFINITE_RECURSION = YES;
				CLANG_WARN_INT_CONVERSION = YES;
				CLANG_WARN_NON_LITERAL_NULL_CONVERSION = YES;
				CLANG_WARN_OBJC_IMPLICIT_RETAIN_SELF = YES;
				CLANG_WARN_OBJC_LITERAL_CONVERSION = YES;
				CLANG_WARN_OBJC_ROOT_CLASS = YES_ERROR;
				CLANG_WARN_QUOTED_INCLUDE_IN_FRAMEWORK_HEADER = YES;
				CLANG_WARN_RANGE_LOOP_ANALYSIS = YES;
				CLANG_WARN_STRICT_PROTOTYPES = YES;
				CLANG_WARN_SUSPICIOUS_MOVE = YES;
				CLANG_WARN_UNGUARDED_AVAILABILITY = YES_AGGRESSIVE;
				CLANG_WARN_UNREACHABLE_CODE = YES;
				CLANG_WARN__DUPLICATE_METHOD_MATCH = YES;
				COPY_PHASE_STRIP = NO;
				DEBUG_INFORMATION_FORMAT = "dwarf-with-dsym";
				ENABLE_NS_ASSERTIONS = NO;
				ENABLE_STRICT_OBJC_MSGSEND = YES;
				GCC_C_LANGUAGE_STANDARD = gnu11;
				GCC_NO_COMMON_BLOCKS = YES;
				GCC_WARN_64_TO_32_BIT_CONVERSION = YES;
				GCC_WARN_ABOUT_RETURN_TYPE = YES_ERROR;
				GCC_WARN_UNDECLARED_SELECTOR = YES;
				GCC_WARN_UNINITIALIZED_AUTOS = YES_AGGRESSIVE;
				GCC_WARN_UNUSED_FUNCTION = YES;
				GCC_WARN_UNUSED_VARIABLE = YES;
				MACOSX_DEPLOYMENT_TARGET = 11.1;
				MTL_ENABLE_DEBUG_INFO = NO;
				MTL_FAST_MATH = YES;
				SDKROOT = macosx;
			};
			name = Release;
		};
		969F9BE8261FDAAD00821D59 /* Debug */ = {
			isa = XCBuildConfiguration;
			buildSettings = {
				CODE_SIGN_STYLE = Automatic;
				DEVELOPMENT_TEAM = T7Z76WDTD6;
				ENABLE_HARDENED_RUNTIME = YES;
				PRODUCT_NAME = "$(TARGET_NAME)";
			};
			name = Debug;
		};
		969F9BE9261FDAAD00821D59 /* Release */ = {
			isa = XCBuildConfiguration;
			buildSettings = {
				CODE_SIGN_STYLE = Automatic;
				DEVELOPMENT_TEAM = T7Z76WDTD6;
				ENABLE_HARDENED_RUNTIME = YES;
				PRODUCT_NAME = "$(TARGET_NAME)";
			};
			name = Release;
		};
/* End XCBuildConfiguration section */

/* Begin XCConfigurationList section */
		969F9BDB261FDAAD00821D59 /* Build configuration list for PBXProject "HookModInitDemo" */ = {
			isa = XCConfigurationList;
			buildConfigurations = (
				969F9BE5261FDAAD00821D59 /* Debug */,
				969F9BE6261FDAAD00821D59 /* Release */,
			);
			defaultConfigurationIsVisible = 0;
			defaultConfigurationName = Release;
		};
		969F9BE7261FDAAD00821D59 /* Build configuration list for PBXNativeTarget "HookModInitDemo" */ = {
			isa = XCConfigurationList;
			buildConfigurations = (
				969F9BE8261FDAAD00821D59 /* Debug */,
				969F9BE9261FDAAD00821D59 /* Release */,
			);
			defaultConfigurationIsVisible = 0;
			defaultConfigurationName = Release;
		};
/* End XCConfigurationList section */
	};
	rootObject = 969F9BD8261FDAAD00821D59 /* Project object */;
}
